
Microsoft Visual Studio Solution File, Format Version 12.00
# Visual Studio Version 16
VisualStudioVersion = 16.0.30804.86
MinimumVisualStudioVersion = 10.0.40219.1
Project("{FAE04EC0-301F-11D3-BF4B-00C04F79EFBC}") = "Aula202", "Aula202.csproj", "{B35EF9C1-A8E8-44ED-B420-73588C257D9B}"
EndProject
Global
	GlobalSection(SolutionConfigurationPlatforms) = preSolution
		Debug|Any CPU = Debug|Any CPU
		Release|Any CPU = Release|Any CPU
	EndGlobalSection
	GlobalSection(ProjectConfigurationPlatforms) = postSolution
		{B35EF9C1-A8E8-44ED-B420-73588C257D9B}.Debug|Any CPU.ActiveCfg = Debug|Any CPU
		{B35EF9C1-A8E8-44ED-B420-73588C257D9B}.Debug|Any CPU.Build.0 = Debug|Any CPU
		{B35EF9C1-A8E8-44ED-B420-73588C257D9B}.Release|Any CPU.ActiveCfg = Release|Any CPU
		{B35EF9C1-A8E8-44ED-B420-73588C257D9B}.Release|Any CPU.Build.0 = Release|Any CPU
	EndGlobalSection
	GlobalSection(SolutionProperties) = preSolution
		HideSolutionNode = FALSE
	EndGlobalSection
	GlobalSection(ExtensibilityGlobals) = postSolution
		SolutionGuid = {596E58BB-C0B0-4437-A9DD-3E96E56CE0D6}
	EndGlobalSection
EndGlobal
