
Microsoft Visual Studio Solution File, Format Version 12.00
# Visual Studio Version 16
VisualStudioVersion = 16.0.30804.86
MinimumVisualStudioVersion = 10.0.40219.1
Project("{FAE04EC0-301F-11D3-BF4B-00C04F79EFBC}") = "Course", "Course.csproj", "{EBE3103A-93B9-4FD8-A2C2-687A5AA15223}"
EndProject
Global
	GlobalSection(SolutionConfigurationPlatforms) = preSolution
		Debug|Any CPU = Debug|Any CPU
		Release|Any CPU = Release|Any CPU
	EndGlobalSection
	GlobalSection(ProjectConfigurationPlatforms) = postSolution
		{EBE3103A-93B9-4FD8-A2C2-687A5AA15223}.Debug|Any CPU.ActiveCfg = Debug|Any CPU
		{EBE3103A-93B9-4FD8-A2C2-687A5AA15223}.Debug|Any CPU.Build.0 = Debug|Any CPU
		{EBE3103A-93B9-4FD8-A2C2-687A5AA15223}.Release|Any CPU.ActiveCfg = Release|Any CPU
		{EBE3103A-93B9-4FD8-A2C2-687A5AA15223}.Release|Any CPU.Build.0 = Release|Any CPU
	EndGlobalSection
	GlobalSection(SolutionProperties) = preSolution
		HideSolutionNode = FALSE
	EndGlobalSection
	GlobalSection(ExtensibilityGlobals) = postSolution
		SolutionGuid = {C921FE0B-6B3E-4839-B797-28CB933F4F38}
	EndGlobalSection
EndGlobal
