
Microsoft Visual Studio Solution File, Format Version 12.00
# Visual Studio Version 16
VisualStudioVersion = 16.0.30804.86
MinimumVisualStudioVersion = 10.0.40219.1
Project("{FAE04EC0-301F-11D3-BF4B-00C04F79EFBC}") = "Aula204", "Aula204.csproj", "{72CA27EB-E711-4DFD-830B-EB9AA3F79F39}"
EndProject
Global
	GlobalSection(SolutionConfigurationPlatforms) = preSolution
		Debug|Any CPU = Debug|Any CPU
		Release|Any CPU = Release|Any CPU
	EndGlobalSection
	GlobalSection(ProjectConfigurationPlatforms) = postSolution
		{72CA27EB-E711-4DFD-830B-EB9AA3F79F39}.Debug|Any CPU.ActiveCfg = Debug|Any CPU
		{72CA27EB-E711-4DFD-830B-EB9AA3F79F39}.Debug|Any CPU.Build.0 = Debug|Any CPU
		{72CA27EB-E711-4DFD-830B-EB9AA3F79F39}.Release|Any CPU.ActiveCfg = Release|Any CPU
		{72CA27EB-E711-4DFD-830B-EB9AA3F79F39}.Release|Any CPU.Build.0 = Release|Any CPU
	EndGlobalSection
	GlobalSection(SolutionProperties) = preSolution
		HideSolutionNode = FALSE
	EndGlobalSection
	GlobalSection(ExtensibilityGlobals) = postSolution
		SolutionGuid = {06B747C6-9FB5-4B5B-AE16-628F4163FF78}
	EndGlobalSection
EndGlobal
