
Microsoft Visual Studio Solution File, Format Version 12.00
# Visual Studio Version 16
VisualStudioVersion = 16.0.30804.86
MinimumVisualStudioVersion = 10.0.40219.1
Project("{FAE04EC0-301F-11D3-BF4B-00C04F79EFBC}") = "Course", "Course.csproj", "{D6651A2C-A6D8-4438-BBE8-05BD76518687}"
EndProject
Global
	GlobalSection(SolutionConfigurationPlatforms) = preSolution
		Debug|Any CPU = Debug|Any CPU
		Release|Any CPU = Release|Any CPU
	EndGlobalSection
	GlobalSection(ProjectConfigurationPlatforms) = postSolution
		{D6651A2C-A6D8-4438-BBE8-05BD76518687}.Debug|Any CPU.ActiveCfg = Debug|Any CPU
		{D6651A2C-A6D8-4438-BBE8-05BD76518687}.Debug|Any CPU.Build.0 = Debug|Any CPU
		{D6651A2C-A6D8-4438-BBE8-05BD76518687}.Release|Any CPU.ActiveCfg = Release|Any CPU
		{D6651A2C-A6D8-4438-BBE8-05BD76518687}.Release|Any CPU.Build.0 = Release|Any CPU
	EndGlobalSection
	GlobalSection(SolutionProperties) = preSolution
		HideSolutionNode = FALSE
	EndGlobalSection
	GlobalSection(ExtensibilityGlobals) = postSolution
		SolutionGuid = {C3BBBF61-666F-466E-998E-B702993CB46D}
	EndGlobalSection
EndGlobal
