
Microsoft Visual Studio Solution File, Format Version 12.00
# Visual Studio Version 16
VisualStudioVersion = 16.0.30804.86
MinimumVisualStudioVersion = 10.0.40219.1
Project("{FAE04EC0-301F-11D3-BF4B-00C04F79EFBC}") = "Aula200", "Aula200.csproj", "{654A894C-D5BF-482B-94D4-E5466B70AED1}"
EndProject
Global
	GlobalSection(SolutionConfigurationPlatforms) = preSolution
		Debug|Any CPU = Debug|Any CPU
		Release|Any CPU = Release|Any CPU
	EndGlobalSection
	GlobalSection(ProjectConfigurationPlatforms) = postSolution
		{654A894C-D5BF-482B-94D4-E5466B70AED1}.Debug|Any CPU.ActiveCfg = Debug|Any CPU
		{654A894C-D5BF-482B-94D4-E5466B70AED1}.Debug|Any CPU.Build.0 = Debug|Any CPU
		{654A894C-D5BF-482B-94D4-E5466B70AED1}.Release|Any CPU.ActiveCfg = Release|Any CPU
		{654A894C-D5BF-482B-94D4-E5466B70AED1}.Release|Any CPU.Build.0 = Release|Any CPU
	EndGlobalSection
	GlobalSection(SolutionProperties) = preSolution
		HideSolutionNode = FALSE
	EndGlobalSection
	GlobalSection(ExtensibilityGlobals) = postSolution
		SolutionGuid = {0EB98671-B13F-4A13-B8AE-6D3D4943F79F}
	EndGlobalSection
EndGlobal
