
Microsoft Visual Studio Solution File, Format Version 12.00
# Visual Studio Version 16
VisualStudioVersion = 16.0.30804.86
MinimumVisualStudioVersion = 10.0.40219.1
Project("{FAE04EC0-301F-11D3-BF4B-00C04F79EFBC}") = "Exercicio", "Exercicio.csproj", "{13121E8A-123E-41AD-A3D3-B18A65434F98}"
EndProject
Global
	GlobalSection(SolutionConfigurationPlatforms) = preSolution
		Debug|Any CPU = Debug|Any CPU
		Release|Any CPU = Release|Any CPU
	EndGlobalSection
	GlobalSection(ProjectConfigurationPlatforms) = postSolution
		{13121E8A-123E-41AD-A3D3-B18A65434F98}.Debug|Any CPU.ActiveCfg = Debug|Any CPU
		{13121E8A-123E-41AD-A3D3-B18A65434F98}.Debug|Any CPU.Build.0 = Debug|Any CPU
		{13121E8A-123E-41AD-A3D3-B18A65434F98}.Release|Any CPU.ActiveCfg = Release|Any CPU
		{13121E8A-123E-41AD-A3D3-B18A65434F98}.Release|Any CPU.Build.0 = Release|Any CPU
	EndGlobalSection
	GlobalSection(SolutionProperties) = preSolution
		HideSolutionNode = FALSE
	EndGlobalSection
	GlobalSection(ExtensibilityGlobals) = postSolution
		SolutionGuid = {789C6B30-FB83-47C4-A07C-E330D95756E7}
	EndGlobalSection
EndGlobal
